lockfileVersion: 5.4

specifiers:
  '@prettier/plugin-php': ^0.18.4
  prettier: ^2.6.2

devDependencies:
  '@prettier/plugin-php': 0.18.9_prettier@2.7.1
  prettier: 2.7.1

packages:

  /@prettier/plugin-php/0.18.9_prettier@2.7.1:
    resolution: {integrity: sha512-d1uE9v3JsQ9uBLWlssZhO02RLI8u8jRBFPCO5ud4VbveCpSZbDRnGpSuK3IqSWHdM/OnuySz0yWr5M9/9mINvw==}
    peerDependencies:
      prettier: ^1.15.0 || ^2.0.0
    dependencies:
      linguist-languages: 7.21.0
      mem: 8.1.1
      php-parser: 3.1.0-beta.11
      prettier: 2.7.1
    dev: true

  /linguist-languages/7.21.0:
    resolution: {integrity: sha512-KrWJJbFOvlDhjlt5OhUipVlXg+plUfRurICAyij1ZVxQcqPt/zeReb9KiUVdGUwwhS/2KS9h3TbyfYLA5MDlxQ==}
    dev: true

  /map-age-cleaner/0.1.3:
    resolution: {integrity: sha512-bJzx6nMoP6PDLPBFmg7+xRKeFZvFboMrGlxmNj9ClvX53KrmvM5bXFXEWjbz4cz1AFn+jWJ9z/DJSz7hrs0w3w==}
    engines: {node: '>=6'}
    dependencies:
      p-defer: 1.0.0
    dev: true

  /mem/8.1.1:
    resolution: {integrity: sha512-qFCFUDs7U3b8mBDPyz5EToEKoAkgCzqquIgi9nkkR9bixxOVOre+09lbuH7+9Kn2NFpm56M3GUWVbU2hQgdACA==}
    engines: {node: '>=10'}
    dependencies:
      map-age-cleaner: 0.1.3
      mimic-fn: 3.1.0
    dev: true

  /mimic-fn/3.1.0:
    resolution: {integrity: sha512-Ysbi9uYW9hFyfrThdDEQuykN4Ey6BuwPD2kpI5ES/nFTDn/98yxYNLZJcgUAKPT/mcrLLKaGzJR9YVxJrIdASQ==}
    engines: {node: '>=8'}
    dev: true

  /p-defer/1.0.0:
    resolution: {integrity: sha512-wB3wfAxZpk2AzOfUMJNL+d36xothRSyj8EXOa4f6GMqYDN9BJaaSISbsk+wS9abmnebVw95C2Kb5t85UmpCxuw==}
    engines: {node: '>=4'}
    dev: true

  /php-parser/3.1.0-beta.11:
    resolution: {integrity: sha512-aKhWHXun6FKa0MX+GcJtEoLPSWuGQTiEkNgckVjT95OAnKG33c+zsDQEpXx4R74PQ030YZLNq9XV7odKapbOsg==}
    dev: true

  /prettier/2.7.1:
    resolution: {integrity: sha512-ujppO+MkdPqoVINuDFDRLClm7D78qbDt0/NR+wp5FqEZOoTNAjPHWj17QRhu7geIHJfcNhRk1XVQmF8Bp3ye+g==}
    engines: {node: '>=10.13.0'}
    hasBin: true
    dev: true
